ros-humble-moveit-core=2.5.10-1jammy.20260908.071525
ros-humble-moveit-kinematics=2.5.10-1jammy.20260908.083918
ros-humble-moveit-planners-ompl=2.5.10-1jammy.20260908.084213
ros-humble-moveit-ros-planning=2.5.10-1jammy.20260908.081349
ros-humble-moveit-task-constructor-core=0.1.3-1jammy.20260908.101449
ros-humble-ompl=1.7.0-4jammy.20260226.011457
ros-humble-pilz-industrial-motion-planner=2.5.10-1jammy.20260908.093641
